
Microsoft Visual Studio Solution File, Format Version 12.00
# Visual Studio Version 17
VisualStudioVersion = 17.14.36127.28 d17.14
MinimumVisualStudioVersion = 10.0.40219.1
Project("{FAE04EC0-301F-11D3-BF4B-00C04F79EFBC}") = "PhanThanhVuongWPF", "PhanThanhVuongWPF\PhanThanhVuongWPF\PhanThanhVuongWPF.csproj", "{A9869988-5927-4B73-ADDE-85C2055EF942}"
EndProject
Project("{FAE04EC0-301F-11D3-BF4B-00C04F79EFBC}") = "DataAccess", "DataAccess\DataAccess.csproj", "{D1C7D8BB-411C-4BC1-B485-BB802A21A796}"
EndProject
Project("{FAE04EC0-301F-11D3-BF4B-00C04F79EFBC}") = "BusinessLogic", "BusinessLogic\BusinessLogic.csproj", "{C4F6AD17-C5FB-40A5-AD66-F315525B5037}"
EndProject
Global
	GlobalSection(SolutionConfigurationPlatforms) = preSolution
		Debug|Any CPU = Debug|Any CPU
		Release|Any CPU = Release|Any CPU
	EndGlobalSection
	GlobalSection(ProjectConfigurationPlatforms) = postSolution
		{A9869988-5927-4B73-ADDE-85C2055EF942}.Debug|Any CPU.ActiveCfg = Debug|Any CPU
		{A9869988-5927-4B73-ADDE-85C2055EF942}.Debug|Any CPU.Build.0 = Debug|Any CPU
		{A9869988-5927-4B73-ADDE-85C2055EF942}.Release|Any CPU.ActiveCfg = Release|Any CPU
		{A9869988-5927-4B73-ADDE-85C2055EF942}.Release|Any CPU.Build.0 = Release|Any CPU
		{D1C7D8BB-411C-4BC1-B485-BB802A21A796}.Debug|Any CPU.ActiveCfg = Debug|Any CPU
		{D1C7D8BB-411C-4BC1-B485-BB802A21A796}.Debug|Any CPU.Build.0 = Debug|Any CPU
		{D1C7D8BB-411C-4BC1-B485-BB802A21A796}.Release|Any CPU.ActiveCfg = Release|Any CPU
		{D1C7D8BB-411C-4BC1-B485-BB802A21A796}.Release|Any CPU.Build.0 = Release|Any CPU
		{C4F6AD17-C5FB-40A5-AD66-F315525B5037}.Debug|Any CPU.ActiveCfg = Debug|Any CPU
		{C4F6AD17-C5FB-40A5-AD66-F315525B5037}.Debug|Any CPU.Build.0 = Debug|Any CPU
		{C4F6AD17-C5FB-40A5-AD66-F315525B5037}.Release|Any CPU.ActiveCfg = Release|Any CPU
		{C4F6AD17-C5FB-40A5-AD66-F315525B5037}.Release|Any CPU.Build.0 = Release|Any CPU
	EndGlobalSection
	GlobalSection(SolutionProperties) = preSolution
		HideSolutionNode = FALSE
	EndGlobalSection
	GlobalSection(ExtensibilityGlobals) = postSolution
		SolutionGuid = {78AD94E3-E2DC-427D-AA8C-77E453724E6A}
	EndGlobalSection
EndGlobal
